
Microsoft Visual Studio Solution File, Format Version 12.00
# Visual Studio Version 17
VisualStudioVersion = 17.14.36203.30 d17.14
MinimumVisualStudioVersion = 10.0.40219.1
Project("{FAE04EC0-301F-11D3-BF4B-00C04F79EFBC}") = "ChatApp", "SabrinaChatAPI\ChatApp.csproj", "{D1766B11-A0EC-C0D2-D8A7-D9298FCD5A15}"
EndProject
Global
	GlobalSection(SolutionConfigurationPlatforms) = preSolution
		Debug|Any CPU = Debug|Any CPU
		Release|Any CPU = Release|Any CPU
	EndGlobalSection
	GlobalSection(ProjectConfigurationPlatforms) = postSolution
		{D1766B11-A0EC-C0D2-D8A7-D9298FCD5A15}.Debug|Any CPU.ActiveCfg = Debug|Any CPU
		{D1766B11-A0EC-C0D2-D8A7-D9298FCD5A15}.Debug|Any CPU.Build.0 = Debug|Any CPU
		{D1766B11-A0EC-C0D2-D8A7-D9298FCD5A15}.Release|Any CPU.ActiveCfg = Release|Any CPU
		{D1766B11-A0EC-C0D2-D8A7-D9298FCD5A15}.Release|Any CPU.Build.0 = Release|Any CPU
	EndGlobalSection
	GlobalSection(SolutionProperties) = preSolution
		HideSolutionNode = FALSE
	EndGlobalSection
	GlobalSection(ExtensibilityGlobals) = postSolution
		SolutionGuid = {55665E52-9627-466D-8F33-64AE98B576BE}
	EndGlobalSection
EndGlobal
